
Microsoft Visual Studio Solution File, Format Version 12.00
# Visual Studio 15
VisualStudioVersion = 15.0.27130.2027
MinimumVisualStudioVersion = 10.0.40219.1
Project("{FAE04EC0-301F-11D3-BF4B-00C04F79EFBC}") = "NetduinoDeploy.UWP", "NetduinoDeploy\NetduinoDeploy.UWP\NetduinoDeploy.UWP.csproj", "{357F40D5-10CB-4EF3-9766-DEF611A1154F}"
EndProject
Project("{D954291E-2A0B-460D-934E-DC6B0785DB48}") = "NetduinoDeploy", "NetduinoDeploy\NetduinoDeploy\NetduinoDeploy.shproj", "{9065E550-F173-451C-9CCF-6B62E5231E21}"
EndProject
Global
	GlobalSection(SharedMSBuildProjectFiles) = preSolution
		NetduinoDeploy\NetduinoDeploy\NetduinoFirmware.projitems*{357f40d5-10cb-4ef3-9766-def611a1154f}*SharedItemsImports = 4
		NetduinoDeploy\NetduinoDeploy\NetduinoFirmware.projitems*{9065e550-f173-451c-9ccf-6b62e5231e21}*SharedItemsImports = 13
	EndGlobalSection
	GlobalSection(SolutionConfigurationPlatforms) = preSolution
		Ad-Hoc|Any CPU = Ad-Hoc|Any CPU
		Ad-Hoc|ARM = Ad-Hoc|ARM
		Ad-Hoc|iPhone = Ad-Hoc|iPhone
		Ad-Hoc|iPhoneSimulator = Ad-Hoc|iPhoneSimulator
		Ad-Hoc|x64 = Ad-Hoc|x64
		Ad-Hoc|x86 = Ad-Hoc|x86
		AppStore|Any CPU = AppStore|Any CPU
		AppStore|ARM = AppStore|ARM
		AppStore|iPhone = AppStore|iPhone
		AppStore|iPhoneSimulator = AppStore|iPhoneSimulator
		AppStore|x64 = AppStore|x64
		AppStore|x86 = AppStore|x86
		Debug|Any CPU = Debug|Any CPU
		Debug|ARM = Debug|ARM
		Debug|iPhone = Debug|iPhone
		Debug|iPhoneSimulator = Debug|iPhoneSimulator
		Debug|x64 = Debug|x64
		Debug|x86 = Debug|x86
		Release|Any CPU = Release|Any CPU
		Release|ARM = Release|ARM
		Release|iPhone = Release|iPhone
		Release|iPhoneSimulator = Release|iPhoneSimulator
		Release|x64 = Release|x64
		Release|x86 = Release|x86
	EndGlobalSection
	GlobalSection(ProjectConfigurationPlatforms) = postSolution
		{357F40D5-10CB-4EF3-9766-DEF611A1154F}.Ad-Hoc|Any CPU.ActiveCfg = Release|x86
		{357F40D5-10CB-4EF3-9766-DEF611A1154F}.Ad-Hoc|Any CPU.Build.0 = Release|x86
		{357F40D5-10CB-4EF3-9766-DEF611A1154F}.Ad-Hoc|Any CPU.Deploy.0 = Release|x86
		{357F40D5-10CB-4EF3-9766-DEF611A1154F}.Ad-Hoc|ARM.ActiveCfg = Release|ARM
		{357F40D5-10CB-4EF3-9766-DEF611A1154F}.Ad-Hoc|ARM.Build.0 = Release|ARM
		{357F40D5-10CB-4EF3-9766-DEF611A1154F}.Ad-Hoc|ARM.Deploy.0 = Release|ARM
		{357F40D5-10CB-4EF3-9766-DEF611A1154F}.Ad-Hoc|iPhone.ActiveCfg = Release|x86
		{357F40D5-10CB-4EF3-9766-DEF611A1154F}.Ad-Hoc|iPhone.Build.0 = Release|x86
		{357F40D5-10CB-4EF3-9766-DEF611A1154F}.Ad-Hoc|iPhone.Deploy.0 = Release|x86
		{357F40D5-10CB-4EF3-9766-DEF611A1154F}.Ad-Hoc|iPhoneSimulator.ActiveCfg = Release|x86
		{357F40D5-10CB-4EF3-9766-DEF611A1154F}.Ad-Hoc|iPhoneSimulator.Build.0 = Release|x86
		{357F40D5-10CB-4EF3-9766-DEF611A1154F}.Ad-Hoc|iPhoneSimulator.Deploy.0 = Release|x86
		{357F40D5-10CB-4EF3-9766-DEF611A1154F}.Ad-Hoc|x64.ActiveCfg = Release|x64
		{357F40D5-10CB-4EF3-9766-DEF611A1154F}.Ad-Hoc|x64.Build.0 = Release|x64
		{357F40D5-10CB-4EF3-9766-DEF611A1154F}.Ad-Hoc|x64.Deploy.0 = Release|x64
		{357F40D5-10CB-4EF3-9766-DEF611A1154F}.Ad-Hoc|x86.ActiveCfg = Release|x86
		{357F40D5-10CB-4EF3-9766-DEF611A1154F}.Ad-Hoc|x86.Build.0 = Release|x86
		{357F40D5-10CB-4EF3-9766-DEF611A1154F}.Ad-Hoc|x86.Deploy.0 = Release|x86
		{357F40D5-10CB-4EF3-9766-DEF611A1154F}.AppStore|Any CPU.ActiveCfg = Release|x86
		{357F40D5-10CB-4EF3-9766-DEF611A1154F}.AppStore|Any CPU.Build.0 = Release|x86
		{357F40D5-10CB-4EF3-9766-DEF611A1154F}.AppStore|Any CPU.Deploy.0 = Release|x86
		{357F40D5-10CB-4EF3-9766-DEF611A1154F}.AppStore|ARM.ActiveCfg = Release|ARM
		{357F40D5-10CB-4EF3-9766-DEF611A1154F}.AppStore|ARM.Build.0 = Release|ARM
		{357F40D5-10CB-4EF3-9766-DEF611A1154F}.AppStore|ARM.Deploy.0 = Release|ARM
		{357F40D5-10CB-4EF3-9766-DEF611A1154F}.AppStore|iPhone.ActiveCfg = Release|x86
		{357F40D5-10CB-4EF3-9766-DEF611A1154F}.AppStore|iPhone.Build.0 = Release|x86
		{357F40D5-10CB-4EF3-9766-DEF611A1154F}.AppStore|iPhone.Deploy.0 = Release|x86
		{357F40D5-10CB-4EF3-9766-DEF611A1154F}.AppStore|iPhoneSimulator.ActiveCfg = Release|x86
		{357F40D5-10CB-4EF3-9766-DEF611A1154F}.AppStore|iPhoneSimulator.Build.0 = Release|x86
		{357F40D5-10CB-4EF3-9766-DEF611A1154F}.AppStore|iPhoneSimulator.Deploy.0 = Release|x86
		{357F40D5-10CB-4EF3-9766-DEF611A1154F}.AppStore|x64.ActiveCfg = Release|x64
		{357F40D5-10CB-4EF3-9766-DEF611A1154F}.AppStore|x64.Build.0 = Release|x64
		{357F40D5-10CB-4EF3-9766-DEF611A1154F}.AppStore|x64.Deploy.0 = Release|x64
		{357F40D5-10CB-4EF3-9766-DEF611A1154F}.AppStore|x86.ActiveCfg = Release|x86
		{357F40D5-10CB-4EF3-9766-DEF611A1154F}.AppStore|x86.Build.0 = Release|x86
		{357F40D5-10CB-4EF3-9766-DEF611A1154F}.AppStore|x86.Deploy.0 = Release|x86
		{357F40D5-10CB-4EF3-9766-DEF611A1154F}.Debug|Any CPU.ActiveCfg = Debug|x86
		{357F40D5-10CB-4EF3-9766-DEF611A1154F}.Debug|ARM.ActiveCfg = Debug|ARM
		{357F40D5-10CB-4EF3-9766-DEF611A1154F}.Debug|ARM.Build.0 = Debug|ARM
		{357F40D5-10CB-4EF3-9766-DEF611A1154F}.Debug|ARM.Deploy.0 = Debug|ARM
		{357F40D5-10CB-4EF3-9766-DEF611A1154F}.Debug|iPhone.ActiveCfg = Debug|x86
		{357F40D5-10CB-4EF3-9766-DEF611A1154F}.Debug|iPhoneSimulator.ActiveCfg = Debug|x86
		{357F40D5-10CB-4EF3-9766-DEF611A1154F}.Debug|x64.ActiveCfg = Debug|x64
		{357F40D5-10CB-4EF3-9766-DEF611A1154F}.Debug|x64.Build.0 = Debug|x64
		{357F40D5-10CB-4EF3-9766-DEF611A1154F}.Debug|x64.Deploy.0 = Debug|x64
		{357F40D5-10CB-4EF3-9766-DEF611A1154F}.Debug|x86.ActiveCfg = Debug|x86
		{357F40D5-10CB-4EF3-9766-DEF611A1154F}.Debug|x86.Build.0 = Debug|x86
		{357F40D5-10CB-4EF3-9766-DEF611A1154F}.Debug|x86.Deploy.0 = Debug|x86
		{357F40D5-10CB-4EF3-9766-DEF611A1154F}.Release|Any CPU.ActiveCfg = Release|x86
		{357F40D5-10CB-4EF3-9766-DEF611A1154F}.Release|ARM.ActiveCfg = Release|ARM
		{357F40D5-10CB-4EF3-9766-DEF611A1154F}.Release|ARM.Build.0 = Release|ARM
		{357F40D5-10CB-4EF3-9766-DEF611A1154F}.Release|ARM.Deploy.0 = Release|ARM
		{357F40D5-10CB-4EF3-9766-DEF611A1154F}.Release|iPhone.ActiveCfg = Release|x86
		{357F40D5-10CB-4EF3-9766-DEF611A1154F}.Release|iPhoneSimulator.ActiveCfg = Release|x86
		{357F40D5-10CB-4EF3-9766-DEF611A1154F}.Release|x64.ActiveCfg = Release|x64
		{357F40D5-10CB-4EF3-9766-DEF611A1154F}.Release|x64.Build.0 = Release|x64
		{357F40D5-10CB-4EF3-9766-DEF611A1154F}.Release|x64.Deploy.0 = Release|x64
		{357F40D5-10CB-4EF3-9766-DEF611A1154F}.Release|x86.ActiveCfg = Release|x86
		{357F40D5-10CB-4EF3-9766-DEF611A1154F}.Release|x86.Build.0 = Release|x86
		{357F40D5-10CB-4EF3-9766-DEF611A1154F}.Release|x86.Deploy.0 = Release|x86
	EndGlobalSection
	GlobalSection(SolutionProperties) = preSolution
		HideSolutionNode = FALSE
	EndGlobalSection
	GlobalSection(ExtensibilityGlobals) = postSolution
		SolutionGuid = {6E4095AB-B90C-49F2-B9C5-FBA0AC8E9C78}
	EndGlobalSection
EndGlobal
