
Microsoft Visual Studio Solution File, Format Version 12.00
# Visual Studio 2012
Project("{FAE04EC0-301F-11D3-BF4B-00C04F79EFBC}") = "NetduinoFirmwareFlasher.Mac", "NetduinoFirmwareFlasher.Mac\NetduinoFirmwareFlasher.Mac.csproj", "{4C455AAC-68A7-4024-8093-8A83B317FDF7}"
EndProject
Project("{FAE04EC0-301F-11D3-BF4B-00C04F79EFBC}") = "NetduinoCoreUsb", "NetduinoCoreUsb\NetduinoCoreUsb.csproj", "{6BA77BFF-71F3-4053-AD0F-9277C16603C9}"
EndProject
Project("{FAE04EC0-301F-11D3-BF4B-00C04F79EFBC}") = "UsbReader", "UsbReader\UsbReader.csproj", "{9FB063EA-0581-4EE7-8168-71EF90CB4888}"
EndProject
Project("{FAE04EC0-301F-11D3-BF4B-00C04F79EFBC}") = "NetduinoFlasher.Mac", "NetduinoFlasher.Mac\NetduinoFlasher.Mac.csproj", "{AE1404D3-3CFE-4154-9E44-EADDC73A1D08}"
EndProject
Project("{FAE04EC0-301F-11D3-BF4B-00C04F79EFBC}") = "NetduinoDeploy", "NetduinoDeploy\NetduinoDeploy.csproj", "{EC8A4DCD-4DA7-44B1-BBFA-955AEB9CF3C4}"
EndProject
Global
	GlobalSection(SolutionConfigurationPlatforms) = preSolution
		Debug|x86 = Debug|x86
		Release|x86 = Release|x86
	EndGlobalSection
	GlobalSection(ProjectConfigurationPlatforms) = postSolution
		{4C455AAC-68A7-4024-8093-8A83B317FDF7}.Debug|x86.ActiveCfg = Debug|x86
		{4C455AAC-68A7-4024-8093-8A83B317FDF7}.Debug|x86.Build.0 = Debug|x86
		{4C455AAC-68A7-4024-8093-8A83B317FDF7}.Release|x86.ActiveCfg = Release|x86
		{4C455AAC-68A7-4024-8093-8A83B317FDF7}.Release|x86.Build.0 = Release|x86
		{6BA77BFF-71F3-4053-AD0F-9277C16603C9}.Debug|x86.ActiveCfg = Debug|Any CPU
		{6BA77BFF-71F3-4053-AD0F-9277C16603C9}.Debug|x86.Build.0 = Debug|Any CPU
		{6BA77BFF-71F3-4053-AD0F-9277C16603C9}.Release|x86.ActiveCfg = Release|Any CPU
		{6BA77BFF-71F3-4053-AD0F-9277C16603C9}.Release|x86.Build.0 = Release|Any CPU
		{9FB063EA-0581-4EE7-8168-71EF90CB4888}.Debug|x86.ActiveCfg = Debug|x86
		{9FB063EA-0581-4EE7-8168-71EF90CB4888}.Debug|x86.Build.0 = Debug|x86
		{9FB063EA-0581-4EE7-8168-71EF90CB4888}.Release|x86.ActiveCfg = Release|x86
		{9FB063EA-0581-4EE7-8168-71EF90CB4888}.Release|x86.Build.0 = Release|x86
		{AE1404D3-3CFE-4154-9E44-EADDC73A1D08}.Debug|x86.ActiveCfg = Debug|x86
		{AE1404D3-3CFE-4154-9E44-EADDC73A1D08}.Debug|x86.Build.0 = Debug|x86
		{AE1404D3-3CFE-4154-9E44-EADDC73A1D08}.Release|x86.ActiveCfg = Release|x86
		{AE1404D3-3CFE-4154-9E44-EADDC73A1D08}.Release|x86.Build.0 = Release|x86
		{EC8A4DCD-4DA7-44B1-BBFA-955AEB9CF3C4}.Debug|x86.ActiveCfg = Debug|x86
		{EC8A4DCD-4DA7-44B1-BBFA-955AEB9CF3C4}.Debug|x86.Build.0 = Debug|x86
		{EC8A4DCD-4DA7-44B1-BBFA-955AEB9CF3C4}.Release|x86.ActiveCfg = Release|x86
		{EC8A4DCD-4DA7-44B1-BBFA-955AEB9CF3C4}.Release|x86.Build.0 = Release|x86
	EndGlobalSection
	GlobalSection(MonoDevelopProperties) = preSolution
		Policies = $0
		$0.DotNetNamingPolicy = $1
		$1.DirectoryNamespaceAssociation = PrefixedHierarchical
		$1.ResourceNamePolicy = FileFormatDefault
	EndGlobalSection
EndGlobal
